github.com/avvmoto/buf-readerat v0.0.0-20171115124131-a17c8cb89270 h1:JIxGEMs4E5Zb6R7z2C5IgecI0mkqS97WAEF31wUbYTM=
github.com/avvmoto/buf-readerat v0.0.0-20171115124131-a17c8cb89270/go.mod h1:2XtVRGCw/HthOLxU0Qw6o6jSJrcEoOb2OCCl8gQYvGw=
github.com/chzyer/logex v1.1.10 h1:Swpa1K6QvQznwJRcfTfQJmTE72DqScAa40E+fbHEXEE=
github.com/chzyer/logex v1.1.10/go.mod h1:+Ywpsq7O8HXn0nuIou7OrIPyXbp3wmkHB+jjWRnGsAI=
github.com/chzyer/readline v0.0.0-20160726135117-62c6fe619375 h1:JVe1zduaiPlSLOuQcU/MqRJkBbWRPsjdW48+20AtJXM=
github.com/chzyer/readline v0.0.0-20160726135117-62c6fe619375/go.mod h1:nSuG5e5PlCu98SY8svDHJxuZscDgtXS6KTTbou5AhLI=
github.com/chzyer/test v0.0.0-20180213035817-a1ea475d72b1 h1:q763qf9huN11kDQavWsoZXJNW3xEE4JJyHa5Q25/sd8=
github.com/chzyer/test v0.0.0-20180213035817-a1ea475d72b1/go.mod h1:Q3SI9o4m/ZMnBNeIyt5eFwwo7qiLfzFZmjNmxjkiQlU=
