# This file is autogenerated, do not edit; changes may be undone by the next 'dep ensure'.


[[projects]]
  branch = "master"
  name = "github.com/avvmoto/buf-readerat"
  packages = ["."]
  revision = "a17c8cb89270182cddc7633ee61c5512292025bb"

[solve-meta]
  analyzer-name = "dep"
  analyzer-version = 1
  inputs-digest = "2cf61e039c02a2ab6091966413a49e0938fbec8fedbecebbbbdc82c018d6a4cf"
  solver-name = "gps-cdcl"
  solver-version = 1
