# This file is autogenerated, do not edit; changes may be undone by the next 'dep ensure'.


[[projects]]
  branch = "master"
  name = "github.com/avvmoto/buf-readerat"
  packages = ["."]
  revision = "a17c8cb89270182cddc7633ee61c5512292025bb"

[[projects]]
  name = "github.com/chzyer/readline"
  packages = ["."]
  revision = "62c6fe6193755f722b8b8788aa7357be55a50ff1"
  version = "v1.4"

[solve-meta]
  analyzer-name = "dep"
  analyzer-version = 1
  inputs-digest = "ba77366ba02484d85568f9ccff732eb75d4c628c696302f3ee782a9a051f9b99"
  solver-name = "gps-cdcl"
  solver-version = 1
